github.com/qbradq/q2d v0.0.0-20251129230231-f407b354fc1d h1:szuaoFY7ArRJznx2+0mlQPtQKA101mRTfxELiS5gaHI=
github.com/qbradq/q2d v0.0.0-20251129230231-f407b354fc1d/go.mod h1:J1hHmo3CBb6RBwTs/rZX7wQ5AGu3sQ7EmbYsXO7PWKA=
golang.org/x/image v0.33.0 h1:LXRZRnv1+zGd5XBUVRFmYEphyyKJjQjCRiOuAP3sZfQ=
golang.org/x/image v0.33.0/go.mod h1:DD3OsTYT9chzuzTQt+zMcOlBHgfoKQb1gry8p76Y1sc=
golang.org/x/text v0.31.0 h1:aC8ghyu4JhP8VojJ2lEHBnochRno1sgL6nEi9WGFGMM=
golang.org/x/text v0.31.0/go.mod h1:tKRAlv61yKIjGGHX/4tP1LTbc13YSec1pxVEWXzfoeM=
